// !$*UTF8*$!
{
	archiveVersion = 1;
	classes = {
	};
	objectVersion = 50;
	objects = {

/* Begin PBXBuildFile section */
		9553DF7A2518B31C0024A427 /* AppDelegate.swift in Sources */ = {isa = PBXBuildFile; fileRef = 9553DF792518B31C0024A427 /* AppDelegate.swift */; };
		9553DF7C2518B31C0024A427 /* ViewController.swift in Sources */ = {isa = PBXBuildFile; fileRef = 9553DF7B2518B31C0024A427 /* ViewController.swift */; };
		9553DF7F2518B31C0024A427 /* Main.storyboard in Resources */ = {isa = PBXBuildFile; fileRef = 9553DF7D2518B31C0024A427 /* Main.storyboard */; };
		9553DF812518B31D0024A427 /* Assets.xcassets in Resources */ = {isa = PBXBuildFile; fileRef = 9553DF802518B31D0024A427 /* Assets.xcassets */; };
		9553DF842518B31D0024A427 /* LaunchScreen.storyboard in Resources */ = {isa = PBXBuildFile; fileRef = 9553DF822518B31D0024A427 /* LaunchScreen.storyboard */; };
		95955C82251994D600C453BC /* TableViewCell.swift in Sources */ = {isa = PBXBuildFile; fileRef = 95955C81251994D600C453BC /* TableViewCell.swift */; };
		95955C862519A53300C453BC /* Farmer.swift in Sources */ = {isa = PBXBuildFile; fileRef = 95955C852519A53300C453BC /* Farmer.swift */; };
/* End PBXBuildFile section */

/* Begin PBXFileReference section */
		9553DF762518B31C0024A427 /* homework4MVC.app */ = {isa = PBXFileReference; explicitFileType = wrapper.application; includeInIndex = 0; path = homework4MVC.app; sourceTree = BUILT_PRODUCTS_DIR; };
		9553DF792518B31C0024A427 /* AppDelegate.swift */ = {isa = PBXFileReference; lastKnownFileType = sourcecode.swift; path = AppDelegate.swift; sourceTree = "<group>"; };
		9553DF7B2518B31C0024A427 /* ViewController.swift */ = {isa = PBXFileReference; lastKnownFileType = sourcecode.swift; path = ViewController.swift; sourceTree = "<group>"; };
		9553DF7E2518B31C0024A427 /* Base */ = {isa = PBXFileReference; lastKnownFileType = file.storyboard; name = Base; path = Base.lproj/Main.storyboard; sourceTree = "<group>"; };
		9553DF802518B31D0024A427 /* Assets.xcassets */ = {isa = PBXFileReference; lastKnownFileType = folder.assetcatalog; path = Assets.xcassets; sourceTree = "<group>"; };
		9553DF832518B31D0024A427 /* Base */ = {isa = PBXFileReference; lastKnownFileType = file.storyboard; name = Base; path = Base.lproj/LaunchScreen.storyboard; sourceTree = "<group>"; };
		9553DF852518B31D0024A427 /* Info.plist */ = {isa = PBXFileReference; lastKnownFileType = text.plist.xml; path = Info.plist; sourceTree = "<group>"; };
		95955C81251994D600C453BC /* TableViewCell.swift */ = {isa = PBXFileReference; lastKnownFileType = sourcecode.swift; path = TableViewCell.swift; sourceTree = "<group>"; };
		95955C852519A53300C453BC /* Farmer.swift */ = {isa = PBXFileReference; lastKnownFileType = sourcecode.swift; path = Farmer.swift; sourceTree = "<group>"; };
/* End PBXFileReference section */

/* Begin PBXFrameworksBuildPhase section */
		9553DF732518B31C0024A427 /* Frameworks */ = {
			isa = PBXFrameworksBuildPhase;
			buildActionMask = 2147483647;
			files = (
			);
			runOnlyForDeploymentPostprocessing = 0;
		};
/* End PBXFrameworksBuildPhase section */

/* Begin PBXGroup section */
		9553DF6D2518B31C0024A427 = {
			isa = PBXGroup;
			children = (
				9553DF782518B31C0024A427 /* homework4MVC */,
				9553DF772518B31C0024A427 /* Products */,
			);
			sourceTree = "<group>";
		};
		9553DF772518B31C0024A427 /* Products */ = {
			isa = PBXGroup;
			children = (
				9553DF762518B31C0024A427 /* homework4MVC.app */,
			);
			name = Products;
			sourceTree = "<group>";
		};
		9553DF782518B31C0024A427 /* homework4MVC */ = {
			isa = PBXGroup;
			children = (
				9553DF8B2518B32C0024A427 /* Model */,
				9553DF8C2518B3510024A427 /* View */,
				9553DF8D2518B3660024A427 /* Controller */,
				9553DF8E2518B3780024A427 /* SupportFiles */,
				9553DF852518B31D0024A427 /* Info.plist */,
			);
			path = homework4MVC;
			sourceTree = "<group>";
		};
		9553DF8B2518B32C0024A427 /* Model */ = {
			isa = PBXGroup;
			children = (
				95955C852519A53300C453BC /* Farmer.swift */,
			);
			path = Model;
			sourceTree = "<group>";
		};
		9553DF8C2518B3510024A427 /* View */ = {
			isa = PBXGroup;
			children = (
				95955C81251994D600C453BC /* TableViewCell.swift */,
			);
			path = View;
			sourceTree = "<group>";
		};
		9553DF8D2518B3660024A427 /* Controller */ = {
			isa = PBXGroup;
			children = (
				9553DF7B2518B31C0024A427 /* ViewController.swift */,
			);
			path = Controller;
			sourceTree = "<group>";
		};
		9553DF8E2518B3780024A427 /* SupportFiles */ = {
			isa = PBXGroup;
			children = (
				9553DF792518B31C0024A427 /* AppDelegate.swift */,
				9553DF7D2518B31C0024A427 /* Main.storyboard */,
				9553DF802518B31D0024A427 /* Assets.xcassets */,
				9553DF822518B31D0024A427 /* LaunchScreen.storyboard */,
			);
			path = SupportFiles;
			sourceTree = "<group>";
		};
/* End PBXGroup section */

/* Begin PBXNativeTarget section */
		9553DF752518B31C0024A427 /* homework4MVC */ = {
			isa = PBXNativeTarget;
			buildConfigurationList = 9553DF882518B31D0024A427 /* Build configuration list for PBXNativeTarget "homework4MVC" */;
			buildPhases = (
				9553DF722518B31C0024A427 /* Sources */,
				9553DF732518B31C0024A427 /* Frameworks */,
				9553DF742518B31C0024A427 /* Resources */,
			);
			buildRules = (
			);
			dependencies = (
			);
			name = homework4MVC;
			productName = homework4MVC;
			productReference = 9553DF762518B31C0024A427 /* homework4MVC.app */;
			productType = "com.apple.product-type.application";
		};
/* End PBXNativeTarget section */

/* Begin PBXProject section */
		9553DF6E2518B31C0024A427 /* Project object */ = {
			isa = PBXProject;
			attributes = {
				LastSwiftUpdateCheck = 1010;
				LastUpgradeCheck = 1010;
				ORGANIZATIONNAME = "Hy Horng";
				TargetAttributes = {
					9553DF752518B31C0024A427 = {
						CreatedOnToolsVersion = 10.1;
					};
				};
			};
			buildConfigurationList = 9553DF712518B31C0024A427 /* Build configuration list for PBXProject "homework4MVC" */;
			compatibilityVersion = "Xcode 9.3";
			developmentRegion = en;
			hasScannedForEncodings = 0;
			knownRegions = (
				en,
				Base,
			);
			mainGroup = 9553DF6D2518B31C0024A427;
			productRefGroup = 9553DF772518B31C0024A427 /* Products */;
			projectDirPath = "";
			projectRoot = "";
			targets = (
				9553DF752518B31C0024A427 /* homework4MVC */,
			);
		};
/* End PBXProject section */

/* Begin PBXResourcesBuildPhase section */
		9553DF742518B31C0024A427 /* Resources */ = {
			isa = PBXResourcesBuildPhase;
			buildActionMask = 2147483647;
			files = (
				9553DF842518B31D0024A427 /* LaunchScreen.storyboard in Resources */,
				9553DF812518B31D0024A427 /* Assets.xcassets in Resources */,
				9553DF7F2518B31C0024A427 /* Main.storyboard in Resources */,
			);
			runOnlyForDeploymentPostprocessing = 0;
		};
/* End PBXResourcesBuildPhase section */

/* Begin PBXSourcesBuildPhase section */
		9553DF722518B31C0024A427 /* Sources */ = {
			isa = PBXSourcesBuildPhase;
			buildActionMask = 2147483647;
			files = (
				95955C862519A53300C453BC /* Farmer.swift in Sources */,
				95955C82251994D600C453BC /* TableViewCell.swift in Sources */,
				9553DF7C2518B31C0024A427 /* ViewController.swift in Sources */,
				9553DF7A2518B31C0024A427 /* AppDelegate.swift in Sources */,
			);
			runOnlyForDeploymentPostprocessing = 0;
		};
/* End PBXSourcesBuildPhase section */

/* Begin PBXVariantGroup section */
		9553DF7D2518B31C0024A427 /* Main.storyboard */ = {
			isa = PBXVariantGroup;
			children = (
				9553DF7E2518B31C0024A427 /* Base */,
			);
			name = Main.storyboard;
			sourceTree = "<group>";
		};
		9553DF822518B31D0024A427 /* LaunchScreen.storyboard */ = {
			isa = PBXVariantGroup;
			children = (
				9553DF832518B31D0024A427 /* Base */,
			);
			name = LaunchScreen.storyboard;
			sourceTree = "<group>";
		};
/* End PBXVariantGroup section */

/* Begin XCBuildConfiguration section */
		9553DF862518B31D0024A427 /* Debug */ = {
			isa = XCBuildConfiguration;
			buildSettings = {
				ALWAYS_SEARCH_USER_PATHS = NO;
				CLANG_ANALYZER_NONNULL = YES;
				CLANG_ANALYZER_NUMBER_OBJECT_CONVERSION = YES_AGGRESSIVE;
				CLANG_CXX_LANGUAGE_STANDARD = "gnu++14";
				CLANG_CXX_LIBRARY = "libc++";
				CLANG_ENABLE_MODULES = YES;
				CLANG_ENABLE_OBJC_ARC = YES;
				CLANG_ENABLE_OBJC_WEAK = YES;
				CLANG_WARN_BLOCK_CAPTURE_AUTORELEASING = YES;
				CLANG_WARN_BOOL_CONVERSION = YES;
				CLANG_WARN_COMMA = YES;
				CLANG_WARN_CONSTANT_CONVERSION = YES;
				CLANG_WARN_DEPRECATED_OBJC_IMPLEMENTATIONS = YES;
				CLANG_WARN_DIRECT_OBJC_ISA_USAGE = YES_ERROR;
				CLANG_WARN_DOCUMENTATION_COMMENTS = YES;
				CLANG_WARN_EMPTY_BODY = YES;
				CLANG_WARN_ENUM_CONVERSION = YES;
				CLANG_WARN_INFINITE_RECURSION = YES;
				CLANG_WARN_INT_CONVERSION = YES;
				CLANG_WARN_NON_LITERAL_NULL_CONVERSION = YES;
				CLANG_WARN_OBJC_IMPLICIT_RETAIN_SELF = YES;
				CLANG_WARN_OBJC_LITERAL_CONVERSION = YES;
				CLANG_WARN_OBJC_ROOT_CLASS = YES_ERROR;
				CLANG_WARN_RANGE_LOOP_ANALYSIS = YES;
				CLANG_WARN_STRICT_PROTOTYPES = YES;
				CLANG_WARN_SUSPICIOUS_MOVE = YES;
				CLANG_WARN_UNGUARDED_AVAILABILITY = YES_AGGRESSIVE;
				CLANG_WARN_UNREACHABLE_CODE = YES;
				CLANG_WARN__DUPLICATE_METHOD_MATCH = YES;
				CODE_SIGN_IDENTITY = "iPhone Developer";
				COPY_PHASE_STRIP = NO;
				DEBUG_INFORMATION_FORMAT = dwarf;
				ENABLE_STRICT_OBJC_MSGSEND = YES;
				ENABLE_TESTABILITY = YES;
				GCC_C_LANGUAGE_STANDARD = gnu11;
				GCC_DYNAMIC_NO_PIC = NO;
				GCC_NO_COMMON_BLOCKS = YES;
				GCC_OPTIMIZATION_LEVEL = 0;
				GCC_PREPROCESSOR_DEFINITIONS = (
					"DEBUG=1",
					"$(inherited)",
				);
				GCC_WARN_64_TO_32_BIT_CONVERSION = YES;
				GCC_WARN_ABOUT_RETURN_TYPE = YES_ERROR;
				GCC_WARN_UNDECLARED_SELECTOR = YES;
				GCC_WARN_UNINITIALIZED_AUTOS = YES_AGGRESSIVE;
				GCC_WARN_UNUSED_FUNCTION = YES;
				GCC_WARN_UNUSED_VARIABLE = YES;
				IPHONEOS_DEPLOYMENT_TARGET = 12.1;
				MTL_ENABLE_DEBUG_INFO = INCLUDE_SOURCE;
				MTL_FAST_MATH = YES;
				ONLY_ACTIVE_ARCH = YES;
				SDKROOT = iphoneos;
				SWIFT_ACTIVE_COMPILATION_CONDITIONS = DEBUG;
				SWIFT_OPTIMIZATION_LEVEL = "-Onone";
			};
			name = Debug;
		};
		9553DF872518B31D0024A427 /* Release */ = {
			isa = XCBuildConfiguration;
			buildSettings = {
				ALWAYS_SEARCH_USER_PATHS = NO;
				CLANG_ANALYZER_NONNULL = YES;
				CLANG_ANALYZER_NUMBER_OBJECT_CONVERSION = YES_AGGRESSIVE;
				CLANG_CXX_LANGUAGE_STANDARD = "gnu++14";
				CLANG_CXX_LIBRARY = "libc++";
				CLANG_ENABLE_MODULES = YES;
				CLANG_ENABLE_OBJC_ARC = YES;
				CLANG_ENABLE_OBJC_WEAK = YES;
				CLANG_WARN_BLOCK_CAPTURE_AUTORELEASING = YES;
				CLANG_WARN_BOOL_CONVERSION = YES;
				CLANG_WARN_COMMA = YES;
				CLANG_WARN_CONSTANT_CONVERSION = YES;
				CLANG_WARN_DEPRECATED_OBJC_IMPLEMENTATIONS = YES;
				CLANG_WARN_DIRECT_OBJC_ISA_USAGE = YES_ERROR;
				CLANG_WARN_DOCUMENTATION_COMMENTS = YES;
				CLANG_WARN_EMPTY_BODY = YES;
				CLANG_WARN_ENUM_CONVERSION = YES;
				CLANG_WARN_INFINITE_RECURSION = YES;
				CLANG_WARN_INT_CONVERSION = YES;
				CLANG_WARN_NON_LITERAL_NULL_CONVERSION = YES;
				CLANG_WARN_OBJC_IMPLICIT_RETAIN_SELF = YES;
				CLANG_WARN_OBJC_LITERAL_CONVERSION = YES;
				CLANG_WARN_OBJC_ROOT_CLASS = YES_ERROR;
				CLANG_WARN_RANGE_LOOP_ANALYSIS = YES;
				CLANG_WARN_STRICT_PROTOTYPES = YES;
				CLANG_WARN_SUSPICIOUS_MOVE = YES;
				CLANG_WARN_UNGUARDED_AVAILABILITY = YES_AGGRESSIVE;
				CLANG_WARN_UNREACHABLE_CODE = YES;
				CLANG_WARN__DUPLICATE_METHOD_MATCH = YES;
				CODE_SIGN_IDENTITY = "iPhone Developer";
				COPY_PHASE_STRIP = NO;
				DEBUG_INFORMATION_FORMAT = "dwarf-with-dsym";
				ENABLE_NS_ASSERTIONS = NO;
				ENABLE_STRICT_OBJC_MSGSEND = YES;
				GCC_C_LANGUAGE_STANDARD = gnu11;
				GCC_NO_COMMON_BLOCKS = YES;
				GCC_WARN_64_TO_32_BIT_CONVERSION = YES;
				GCC_WARN_ABOUT_RETURN_TYPE = YES_ERROR;
				GCC_WARN_UNDECLARED_SELECTOR = YES;
				GCC_WARN_UNINITIALIZED_AUTOS = YES_AGGRESSIVE;
				GCC_WARN_UNUSED_FUNCTION = YES;
				GCC_WARN_UNUSED_VARIABLE = YES;
				IPHONEOS_DEPLOYMENT_TARGET = 12.1;
				MTL_ENABLE_DEBUG_INFO = NO;
				MTL_FAST_MATH = YES;
				SDKROOT = iphoneos;
				SWIFT_COMPILATION_MODE = wholemodule;
				SWIFT_OPTIMIZATION_LEVEL = "-O";
				VALIDATE_PRODUCT = YES;
			};
			name = Release;
		};
		9553DF892518B31D0024A427 /* Debug */ = {
			isa = XCBuildConfiguration;
			buildSettings = {
				ASSETCATALOG_COMPILER_APPICON_NAME = AppIcon;
				CODE_SIGN_STYLE = Automatic;
				INFOPLIST_FILE = homework4MVC/Info.plist;
				LD_RUNPATH_SEARCH_PATHS = (
					"$(inherited)",
					"@executable_path/Frameworks",
				);
				PRODUCT_BUNDLE_IDENTIFIER = Raveware.homework4MVC;
				PRODUCT_NAME = "$(TARGET_NAME)";
				SWIFT_VERSION = 4.2;
				TARGETED_DEVICE_FAMILY = "1,2";
			};
			name = Debug;
		};
		9553DF8A2518B31D0024A427 /* Release */ = {
			isa = XCBuildConfiguration;
			buildSettings = {
				ASSETCATALOG_COMPILER_APPICON_NAME = AppIcon;
				CODE_SIGN_STYLE = Automatic;
				INFOPLIST_FILE = homework4MVC/Info.plist;
				LD_RUNPATH_SEARCH_PATHS = (
					"$(inherited)",
					"@executable_path/Frameworks",
				);
				PRODUCT_BUNDLE_IDENTIFIER = Raveware.homework4MVC;
				PRODUCT_NAME = "$(TARGET_NAME)";
				SWIFT_VERSION = 4.2;
				TARGETED_DEVICE_FAMILY = "1,2";
			};
			name = Release;
		};
/* End XCBuildConfiguration section */

/* Begin XCConfigurationList section */
		9553DF712518B31C0024A427 /* Build configuration list for PBXProject "homework4MVC" */ = {
			isa = XCConfigurationList;
			buildConfigurations = (
				9553DF862518B31D0024A427 /* Debug */,
				9553DF872518B31D0024A427 /* Release */,
			);
			defaultConfigurationIsVisible = 0;
			defaultConfigurationName = Release;
		};
		9553DF882518B31D0024A427 /* Build configuration list for PBXNativeTarget "homework4MVC" */ = {
			isa = XCConfigurationList;
			buildConfigurations = (
				9553DF892518B31D0024A427 /* Debug */,
				9553DF8A2518B31D0024A427 /* Release */,
			);
			defaultConfigurationIsVisible = 0;
			defaultConfigurationName = Release;
		};
/* End XCConfigurationList section */
	};
	rootObject = 9553DF6E2518B31C0024A427 /* Project object */;
}
